// !$*UTF8*$!
{
	archiveVersion = 1;
	classes = {
	};
	objectVersion = 56;
	objects = {

/* Begin PBXBuildFile section */
		A000000B2C3D4E5F00000010 /* SwiftIconGeneratorApp.swift in Sources */ = {isa = PBXBuildFile; fileRef = A000000B2C3D4E5F00000020 /* SwiftIconGeneratorApp.swift */; };
		A000000B2C3D4E5F00000011 /* ContentView.swift in Sources */ = {isa = PBXBuildFile; fileRef = A000000B2C3D4E5F00000021 /* ContentView.swift */; };
		A000000B2C3D4E5F00000012 /* IconRenderer.swift in Sources */ = {isa = PBXBuildFile; fileRef = A000000B2C3D4E5F00000022 /* IconRenderer.swift */; };
		A000000B2C3D4E5F00000013 /* SFSymbolCatalog.swift in Sources */ = {isa = PBXBuildFile; fileRef = A000000B2C3D4E5F00000023 /* SFSymbolCatalog.swift */; };
		A000000B2C3D4E5F00000014 /* Assets.xcassets in Resources */ = {isa = PBXBuildFile; fileRef = A000000B2C3D4E5F00000024 /* Assets.xcassets */; };
		A000000B2C3D4E5F00000015 /* AppIcon.appiconset in Resources */ = {isa = PBXBuildFile; fileRef = A000000B2C3D4E5F00000025 /* AppIcon.appiconset */; };
		A000000B2C3D4E5F00000016 /* Info.plist in Resources */ = {isa = PBXBuildFile; fileRef = A000000B2C3D4E5F00000026 /* Info.plist */; };
/* End PBXBuildFile section */

/* Begin PBXFileReference section */
		A000000B2C3D4E5F00000001 /* SwiftIconGenerator.app */ = {isa = PBXFileReference; explicitFileType = wrapper.application; includeInIndex = 0; path = SwiftIconGenerator.app; sourceTree = BUILT_PRODUCTS_DIR; };
		A000000B2C3D4E5F00000020 /* SwiftIconGeneratorApp.swift */ = {isa = PBXFileReference; lastKnownFileType = sourcecode.swift; path = Sources/SwiftIconGeneratorApp.swift; sourceTree = SOURCE_ROOT; };
		A000000B2C3D4E5F00000021 /* ContentView.swift */ = {isa = PBXFileReference; lastKnownFileType = sourcecode.swift; path = Sources/ContentView.swift; sourceTree = SOURCE_ROOT; };
		A000000B2C3D4E5F00000022 /* IconRenderer.swift */ = {isa = PBXFileReference; lastKnownFileType = sourcecode.swift; path = Sources/IconRenderer.swift; sourceTree = SOURCE_ROOT; };
		A000000B2C3D4E5F00000023 /* SFSymbolCatalog.swift */ = {isa = PBXFileReference; lastKnownFileType = sourcecode.swift; path = Sources/SFSymbolCatalog.swift; sourceTree = SOURCE_ROOT; };
		A000000B2C3D4E5F00000024 /* Assets.xcassets */ = {isa = PBXFileReference; lastKnownFileType = folder.assetcatalog; path = SwiftIconGenerator/Assets.xcassets; sourceTree = SOURCE_ROOT; };
		A000000B2C3D4E5F00000025 /* AppIcon.appiconset */ = {isa = PBXFileReference; lastKnownFileType = folder.assetcatalog; path = SwiftIconGenerator/Assets.xcassets/AppIcon.appiconset; sourceTree = SOURCE_ROOT; };
		A000000B2C3D4E5F00000026 /* Info.plist */ = {isa = PBXFileReference; lastKnownFileType = text.plist.xml; path = SwiftIconGenerator/Info.plist; sourceTree = SOURCE_ROOT; };
/* End PBXFileReference section */

/* Begin PBXFrameworksBuildPhase section */
		A000000B2C3D4E5F00000030 /* Frameworks */ = {
			isa = PBXFrameworksBuildPhase;
			buildActionMask = 2147483647;
			files = (
			);
			runOnlyForDeploymentPostprocessing = 0;
		};
/* End PBXFrameworksBuildPhase section */

/* Begin PBXGroup section */
		A000000B2C3D4E5F00000040 = {
			isa = PBXGroup;
			children = (
				A000000B2C3D4E5F00000041 /* Sources */,
				A000000B2C3D4E5F00000042 /* SFIconGenerator */,
				A000000B2C3D4E5F00000043 /* Products */,
			);
			sourceTree = "<group>";
		};
		A000000B2C3D4E5F00000041 /* Sources */ = {
			isa = PBXGroup;
			children = (
				A000000B2C3D4E5F00000020 /* SwiftIconGeneratorApp.swift */,
				A000000B2C3D4E5F00000021 /* ContentView.swift */,
				A000000B2C3D4E5F00000022 /* IconRenderer.swift */,
				A000000B2C3D4E5F00000023 /* SFSymbolCatalog.swift */,
			);
			path = Sources;
			sourceTree = SOURCE_ROOT;
		};
		A000000B2C3D4E5F00000042 /* SwiftIconGenerator */ = {
			isa = PBXGroup;
			children = (
				A000000B2C3D4E5F00000024 /* Assets.xcassets */,
				A000000B2C3D4E5F00000026 /* Info.plist */,
			);
			path = SwiftIconGenerator;
			sourceTree = SOURCE_ROOT;
		};
		A000000B2C3D4E5F00000043 /* Products */ = {
			isa = PBXGroup;
			children = (
				A000000B2C3D4E5F00000001 /* SwiftIconGenerator.app */,
			);
			name = Products;
			sourceTree = "<group>";
		};
/* End PBXGroup section */

/* Begin PBXNativeTarget section */
		A000000B2C3D4E5F00000002 /* SwiftIconGenerator */ = {
			isa = PBXNativeTarget;
			buildConfigurationList = A000000B2C3D4E5F00000060 /* Build configuration list for PBXNativeTarget "SwiftIconGenerator" */;
			buildPhases = (
				A000000B2C3D4E5F00000031 /* Sources */,
				A000000B2C3D4E5F00000030 /* Frameworks */,
				A000000B2C3D4E5F00000032 /* Resources */,
			);
			buildRules = (
			);
			dependencies = (
			);
			name = SwiftIconGenerator;
			productName = SwiftIconGenerator;
			productReference = A000000B2C3D4E5F00000001 /* SwiftIconGenerator.app */;
			productType = "com.apple.product-type.application";
		};
/* End PBXNativeTarget section */

/* Begin PBXProject section */
		A000000B2C3D4E5F00000050 /* Project object */ = {
			isa = PBXProject;
			attributes = {
				BuildIndependentTargetsInParallel = 1;
				LastSwiftUpdateCheck = 1640;
				LastUpgradeCheck = 1640;
				TargetAttributes = {
					A000000B2C3D4E5F00000002 = {
						CreatedOnToolsVersion = 16.4;
					};
				};
			};
			buildConfigurationList = A000000B2C3D4E5F00000061 /* Build configuration list for PBXProject "SwiftIconGenerator" */;
			compatibilityVersion = "Xcode 14.0";
			developmentRegion = en;
			hasScannedForEncodings = 0;
			knownRegions = (
				en,
				Base,
			);
			mainGroup = A000000B2C3D4E5F00000040;
			productRefGroup = A000000B2C3D4E5F00000043 /* Products */;
			projectDirPath = "";
			projectRoot = "";
				targets = (
				A000000B2C3D4E5F00000002 /* SwiftIconGenerator */,
			);
		};
/* End PBXProject section */

/* Begin PBXResourcesBuildPhase section */
		A000000B2C3D4E5F00000032 /* Resources */ = {
			isa = PBXResourcesBuildPhase;
			buildActionMask = 2147483647;
			files = (
				A000000B2C3D4E5F00000014 /* Assets.xcassets in Resources */,
			);
			runOnlyForDeploymentPostprocessing = 0;
		};
/* End PBXResourcesBuildPhase section */

/* Begin PBXSourcesBuildPhase section */
		A000000B2C3D4E5F00000031 /* Sources */ = {
			isa = PBXSourcesBuildPhase;
			buildActionMask = 2147483647;
			files = (
				A000000B2C3D4E5F00000010 /* SwiftIconGeneratorApp.swift in Sources */,
				A000000B2C3D4E5F00000011 /* ContentView.swift in Sources */,
				A000000B2C3D4E5F00000012 /* IconRenderer.swift in Sources */,
				A000000B2C3D4E5F00000013 /* SFSymbolCatalog.swift in Sources */,
			);
			runOnlyForDeploymentPostprocessing = 0;
		};
/* End PBXSourcesBuildPhase section */

/* Begin XCBuildConfiguration section */
		A000000B2C3D4E5F00000070 /* Debug */ = {
			isa = XCBuildConfiguration;
			buildSettings = {
				ASSETCATALOG_COMPILER_APPICON_NAME = AppIcon;
				CLANG_ENABLE_MODULES = YES;
				CODE_SIGN_STYLE = Automatic;
				COMBINE_HIDPI_IMAGES = YES;
				CURRENT_PROJECT_VERSION = 1;
				ENABLE_APP_SANDBOX = NO;
				GENERATE_INFOPLIST_FILE = NO;
				INFOPLIST_FILE = SwiftIconGenerator/Info.plist;
				LD_RUNPATH_SEARCH_PATHS = (
					"$(inherited)",
					"@executable_path/../Frameworks",
				);
				MACOSX_DEPLOYMENT_TARGET = 14.0;
				MARKETING_VERSION = 1.0;
				PRODUCT_BUNDLE_IDENTIFIER = tom.dev.SwiftIconGenerator;
				PRODUCT_NAME = "$(TARGET_NAME)";
				SDKROOT = macosx;
				SWIFT_VERSION = 5.0;
			};
			name = Debug;
		};
		A000000B2C3D4E5F00000071 /* Release */ = {
			isa = XCBuildConfiguration;
			buildSettings = {
				ASSETCATALOG_COMPILER_APPICON_NAME = AppIcon;
				CLANG_ENABLE_MODULES = YES;
				CODE_SIGN_STYLE = Automatic;
				COMBINE_HIDPI_IMAGES = YES;
				CURRENT_PROJECT_VERSION = 1;
				ENABLE_APP_SANDBOX = NO;
				GENERATE_INFOPLIST_FILE = NO;
				INFOPLIST_FILE = SwiftIconGenerator/Info.plist;
				LD_RUNPATH_SEARCH_PATHS = (
					"$(inherited)",
					"@executable_path/../Frameworks",
				);
				MACOSX_DEPLOYMENT_TARGET = 14.0;
				MARKETING_VERSION = 1.0;
				PRODUCT_BUNDLE_IDENTIFIER = tom.dev.SwiftIconGenerator;
				PRODUCT_NAME = "$(TARGET_NAME)";
				SDKROOT = macosx;
				SWIFT_VERSION = 5.0;
			};
			name = Release;
		};
		A000000B2C3D4E5F00000072 /* Debug */ = {
			isa = XCBuildConfiguration;
			buildSettings = {
				CLANG_ENABLE_MODULES = YES;
				MACOSX_DEPLOYMENT_TARGET = 14.0;
				SDKROOT = macosx;
				SWIFT_VERSION = 5.0;
			};
			name = Debug;
		};
		A000000B2C3D4E5F00000073 /* Release */ = {
			isa = XCBuildConfiguration;
			buildSettings = {
				CLANG_ENABLE_MODULES = YES;
				MACOSX_DEPLOYMENT_TARGET = 14.0;
				SDKROOT = macosx;
				SWIFT_VERSION = 5.0;
			};
			name = Release;
		};
/* End XCBuildConfiguration section */

/* Begin XCConfigurationList section */
		A000000B2C3D4E5F00000060 /* Build configuration list for PBXNativeTarget "SwiftIconGenerator" */ = {
			isa = XCConfigurationList;
			buildConfigurations = (
				A000000B2C3D4E5F00000070 /* Debug */,
				A000000B2C3D4E5F00000071 /* Release */,
			);
			defaultConfigurationIsVisible = 0;
			defaultConfigurationName = Release;
		};
		A000000B2C3D4E5F00000061 /* Build configuration list for PBXProject "SwiftIconGenerator" */ = {
			isa = XCConfigurationList;
			buildConfigurations = (
				A000000B2C3D4E5F00000072 /* Debug */,
				A000000B2C3D4E5F00000073 /* Release */,
			);
			defaultConfigurationIsVisible = 0;
			defaultConfigurationName = Release;
		};
/* End XCConfigurationList section */
	};
	rootObject = A000000B2C3D4E5F00000050 /* Project object */;
}
